
Microsoft Visual Studio Solution File, Format Version 12.00
# Visual Studio Version 17
VisualStudioVersion = 17.4.33213.308
MinimumVisualStudioVersion = 10.0.40219.1
Project("{9A19103F-16F7-4668-BE54-9A1E7A4F7556}") = "backend", "backend\backend.csproj", "{4D180570-364E-4230-ACB5-6258468BF892}"
EndProject
Project("{9A19103F-16F7-4668-BE54-9A1E7A4F7556}") = "Slata.DAL", "DAL\Slata.DAL.csproj", "{46D34A6B-0EBA-4273-989D-E996EE6EF820}"
EndProject
Project("{FAE04EC0-301F-11D3-BF4B-00C04F79EFBC}") = "Slata.BLL", "Slata.BLL\Slata.BLL.csproj", "{36AB2890-8F5D-4CEA-813B-95BC45BAF795}"
EndProject
Global
	GlobalSection(SolutionConfigurationPlatforms) = preSolution
		Debug|Any CPU = Debug|Any CPU
		Release|Any CPU = Release|Any CPU
	EndGlobalSection
	GlobalSection(ProjectConfigurationPlatforms) = postSolution
		{4D180570-364E-4230-ACB5-6258468BF892}.Debug|Any CPU.ActiveCfg = Debug|Any CPU
		{4D180570-364E-4230-ACB5-6258468BF892}.Debug|Any CPU.Build.0 = Debug|Any CPU
		{4D180570-364E-4230-ACB5-6258468BF892}.Release|Any CPU.ActiveCfg = Release|Any CPU
		{4D180570-364E-4230-ACB5-6258468BF892}.Release|Any CPU.Build.0 = Release|Any CPU
		{46D34A6B-0EBA-4273-989D-E996EE6EF820}.Debug|Any CPU.ActiveCfg = Debug|Any CPU
		{46D34A6B-0EBA-4273-989D-E996EE6EF820}.Debug|Any CPU.Build.0 = Debug|Any CPU
		{46D34A6B-0EBA-4273-989D-E996EE6EF820}.Release|Any CPU.ActiveCfg = Release|Any CPU
		{46D34A6B-0EBA-4273-989D-E996EE6EF820}.Release|Any CPU.Build.0 = Release|Any CPU
		{36AB2890-8F5D-4CEA-813B-95BC45BAF795}.Debug|Any CPU.ActiveCfg = Debug|Any CPU
		{36AB2890-8F5D-4CEA-813B-95BC45BAF795}.Debug|Any CPU.Build.0 = Debug|Any CPU
		{36AB2890-8F5D-4CEA-813B-95BC45BAF795}.Release|Any CPU.ActiveCfg = Release|Any CPU
		{36AB2890-8F5D-4CEA-813B-95BC45BAF795}.Release|Any CPU.Build.0 = Release|Any CPU
	EndGlobalSection
	GlobalSection(SolutionProperties) = preSolution
		HideSolutionNode = FALSE
	EndGlobalSection
	GlobalSection(ExtensibilityGlobals) = postSolution
		SolutionGuid = {A9996FD5-54BF-484F-98CA-B00CA202A656}
	EndGlobalSection
EndGlobal
